
Microsoft Visual Studio Solution File, Format Version 12.00
# Visual Studio Version 17
VisualStudioVersion = 17.11.35312.102
MinimumVisualStudioVersion = 10.0.40219.1
Project("{FAE04EC0-301F-11D3-BF4B-00C04F79EFBC}") = "DemoJenkins2025", "DemoJenkins2025\DemoJenkins2025.csproj", "{D9C84E6B-0D09-421C-BEEF-3F8D08C8D934}"
EndProject
Global
	GlobalSection(SolutionConfigurationPlatforms) = preSolution
		Debug|Any CPU = Debug|Any CPU
		Release|Any CPU = Release|Any CPU
	EndGlobalSection
	GlobalSection(ProjectConfigurationPlatforms) = postSolution
		{D9C84E6B-0D09-421C-BEEF-3F8D08C8D934}.Debug|Any CPU.ActiveCfg = Debug|Any CPU
		{D9C84E6B-0D09-421C-BEEF-3F8D08C8D934}.Debug|Any CPU.Build.0 = Debug|Any CPU
		{D9C84E6B-0D09-421C-BEEF-3F8D08C8D934}.Release|Any CPU.ActiveCfg = Release|Any CPU
		{D9C84E6B-0D09-421C-BEEF-3F8D08C8D934}.Release|Any CPU.Build.0 = Release|Any CPU
	EndGlobalSection
	GlobalSection(SolutionProperties) = preSolution
		HideSolutionNode = FALSE
	EndGlobalSection
	GlobalSection(ExtensibilityGlobals) = postSolution
		SolutionGuid = {DD578A1F-F62F-48D2-968A-8B2A285C1A64}
	EndGlobalSection
EndGlobal
